<?xml version="1.0" encoding="utf-8"?>
<Project ToolsVersion="4.0" xmlns="http://schemas.microsoft.com/developer/msbuild/2003">
  <ItemGroup>
    <Filter Include="Source Files">
      <UniqueIdentifier>{4FC737F1-C7A5-4376-A066-2A32D752A2FF}</UniqueIdentifier>
      <Extensions>cpp;c;cc;cxx;def;odl;idl;hpj;bat;asm;asmx</Extensions>
    </Filter>
    <Filter Include="Header Files">
      <UniqueIdentifier>{93995380-89BD-4b04-88EB-625FBE52EBFB}</UniqueIdentifier>
      <Extensions>h;hh;hpp;hxx;hm;inl;inc;xsd</Extensions>
    </Filter>
    <Filter Include="Resource Files">
      <UniqueIdentifier>{67DA6AB6-F800-4c08-8B7A-83BB121AAD01}</UniqueIdentifier>
      <Extensions>rc;ico;cur;bmp;dlg;rc2;rct;bin;rgs;gif;jpg;jpeg;jpe;resx;tiff;tif;png;wav</Extensions>
    </Filter>
  </ItemGroup>
  <ItemGroup>
    <ClCompile Include="sim\imgui\imgui_widgets.cpp">
      <Filter>Source Files</Filter>
    </ClCompile>
    <ClCompile Include="sim\imgui\imgui_tables.cpp">
      <Filter>Source Files</Filter>
    </ClCompile>
    <ClCompile Include="sim\imgui\imgui_impl_win32.cpp">
      <Filter>Source Files</Filter>
    </ClCompile>
    <ClCompile Include="sim\imgui\imgui_impl_dx11.cpp">
      <Filter>Source Files</Filter>
    </ClCompile>
    <ClCompile Include="sim\imgui\imgui_draw.cpp">
      <Filter>Source Files</Filter>
    </ClCompile>
    <ClCompile Include="sim\imgui\imgui.cpp">
      <Filter>Source Files</Filter>
    </ClCompile>
    <ClCompile Include="sim\imgui\ImGuiFileDialog.cpp">
      <Filter>Source Files</Filter>
    </ClCompile>
    <ClCompile Include="sim\imgui\implot.cpp">
      <Filter>Source Files</Filter>
    </ClCompile>
    <ClCompile Include="sim\imgui\implot_items.cpp">
      <Filter>Source Files</Filter>
    </ClCompile>
    <ClCompile Include="sim\vinc\verilated.cpp">
      <Filter>Source Files</Filter>
    </ClCompile>
    <ClCompile Include="sim\vinc\verilated_vcd_c.cpp">
      <Filter>Source Files</Filter>
    </ClCompile>
    <ClCompile Include="sim\sim_clock.cpp">
      <Filter>Source Files</Filter>
    </ClCompile>
    <ClCompile Include="sim\sim_bus.cpp">
      <Filter>Source Files</Filter>
    </ClCompile>
    <ClCompile Include="sim\sim_console.cpp">
      <Filter>Source Files</Filter>
    </ClCompile>
    <ClCompile Include="sim\sim_input.cpp">
      <Filter>Source Files</Filter>
    </ClCompile>
    <ClCompile Include="sim\sim_video.cpp">
      <Filter>Source Files</Filter>
    </ClCompile>
    <ClCompile Include="sim\sim_audio.cpp">
      <Filter>Source Files</Filter>
    </ClCompile>
    <ClCompile Include="sim_main.cpp">
      <Filter>Source Files</Filter>
    </ClCompile>
    <ClCompile Include="sim\vinc\verilated_dpi.cpp">
      <Filter>Source Files</Filter>
    </ClCompile>
    <ClCompile Include="sim\vinc\verilated_threads.cpp">
      <Filter>Source Files</Filter>
    </ClCompile>
    <ClCompile Include="sim\sim_ddr.cpp">
      <Filter>Source Files</Filter>
    </ClCompile>
    <ClCompile Include="sim\sim_memory.cpp">
      <Filter>Source Files</Filter>
    </ClCompile>
    <ClCompile Include="sim\sim_sdram.cpp">
      <Filter>Source Files</Filter>
    </ClCompile>
    <ClCompile Include="sim\sim_debug_player.cpp">
      <Filter>Source Files</Filter>
    </ClCompile>
    <ClCompile Include="obj_dir\Vemu.cpp">
      <Filter>Source Files</Filter>
    </ClCompile>
    <ClCompile Include="obj_dir\Vemu___024root__DepSet_h6ca272dd__0.cpp">
      <Filter>Source Files</Filter>
    </ClCompile>
    <ClCompile Include="obj_dir\Vemu___024root__DepSet_h6ca272dd__0__Slow.cpp">
      <Filter>Source Files</Filter>
    </ClCompile>
    <ClCompile Include="obj_dir\Vemu___024root__DepSet_hf9c9a7eb__0.cpp">
      <Filter>Source Files</Filter>
    </ClCompile>
    <ClCompile Include="obj_dir\Vemu___024root__DepSet_hf9c9a7eb__0__Slow.cpp">
      <Filter>Source Files</Filter>
    </ClCompile>
    <ClCompile Include="obj_dir\Vemu___024root__Slow.cpp">
      <Filter>Source Files</Filter>
    </ClCompile>
    <ClCompile Include="obj_dir\Vemu___024unit__DepSet_h5b805688__0__Slow.cpp">
      <Filter>Source Files</Filter>
    </ClCompile>
    <ClCompile Include="obj_dir\Vemu___024unit__Slow.cpp">
      <Filter>Source Files</Filter>
    </ClCompile>
    <ClCompile Include="obj_dir\Vemu__ConstPool_0.cpp">
      <Filter>Source Files</Filter>
    </ClCompile>
    <ClCompile Include="obj_dir\Vemu__Dpi.cpp">
      <Filter>Source Files</Filter>
    </ClCompile>
    <ClCompile Include="obj_dir\Vemu__Syms.cpp">
      <Filter>Source Files</Filter>
    </ClCompile>
    <ClCompile Include="obj_dir\Vemu__Trace__0.cpp">
      <Filter>Source Files</Filter>
    </ClCompile>
    <ClCompile Include="obj_dir\Vemu__Trace__0__Slow.cpp">
      <Filter>Source Files</Filter>
    </ClCompile>
    <ClCompile Include="obj_dir\Vemu__TraceDecls__0__Slow.cpp">
      <Filter>Source Files</Filter>
    </ClCompile>
    <ClCompile Include="obj_dir\Vemu_clock_bus_if__DepSet_h9d8720a7__0.cpp">
      <Filter>Source Files</Filter>
    </ClCompile>
    <ClCompile Include="obj_dir\Vemu_clock_bus_if__DepSet_h9d8720a7__0__Slow.cpp">
      <Filter>Source Files</Filter>
    </ClCompile>
    <ClCompile Include="obj_dir\Vemu_clock_bus_if__Slow.cpp">
      <Filter>Source Files</Filter>
    </ClCompile>
    <ClCompile Include="obj_dir\Vemu_cpu_bus_if__DepSet_hb9d1dc7d__0.cpp">
      <Filter>Source Files</Filter>
    </ClCompile>
    <ClCompile Include="obj_dir\Vemu_cpu_bus_if__DepSet_hb9d1dc7d__0__Slow.cpp">
      <Filter>Source Files</Filter>
    </ClCompile>
    <ClCompile Include="obj_dir\Vemu_cpu_bus_if__Slow.cpp">
      <Filter>Source Files</Filter>
    </ClCompile>
    <ClCompile Include="obj_dir\Vemu_cpu_regs_if__DepSet_h77ea8bdb__0.cpp">
      <Filter>Source Files</Filter>
    </ClCompile>
    <ClCompile Include="obj_dir\Vemu_cpu_regs_if__DepSet_h77ea8bdb__0__Slow.cpp">
      <Filter>Source Files</Filter>
    </ClCompile>
    <ClCompile Include="obj_dir\Vemu_cpu_regs_if__Slow.cpp">
      <Filter>Source Files</Filter>
    </ClCompile>
    <ClCompile Include="obj_dir\Vemu_ddram__DepSet_h16a6b7ce__0.cpp">
      <Filter>Source Files</Filter>
    </ClCompile>
    <ClCompile Include="obj_dir\Vemu_ddram__DepSet_h16a6b7ce__0__Slow.cpp">
      <Filter>Source Files</Filter>
    </ClCompile>
    <ClCompile Include="obj_dir\Vemu_ddram__DepSet_h0981623a__0.cpp">
      <Filter>Source Files</Filter>
    </ClCompile>
    <ClCompile Include="obj_dir\Vemu_ddram__Slow.cpp">
      <Filter>Source Files</Filter>
    </ClCompile>
    <ClCompile Include="obj_dir\Vemu_device_bus__DepSet_h47325e6d__0.cpp">
      <Filter>Source Files</Filter>
    </ClCompile>
    <ClCompile Include="obj_dir\Vemu_device_bus__DepSet_h47325e6d__0__Slow.cpp">
      <Filter>Source Files</Filter>
    </ClCompile>
    <ClCompile Include="obj_dir\Vemu_device_bus__Slow.cpp">
      <Filter>Source Files</Filter>
    </ClCompile>
    <ClCompile Include="obj_dir\Vemu_dpram__A9__DepSet_ha4ff9884__0__Slow.cpp">
      <Filter>Source Files</Filter>
    </ClCompile>
    <ClCompile Include="obj_dir\Vemu_dpram__A9__Slow.cpp">
      <Filter>Source Files</Filter>
    </ClCompile>
    <ClCompile Include="obj_dir\Vemu_emu__DepSet_h60dc175e__0.cpp">
      <Filter>Source Files</Filter>
    </ClCompile>
    <ClCompile Include="obj_dir\Vemu_emu__DepSet_h60dc175e__0__Slow.cpp">
      <Filter>Source Files</Filter>
    </ClCompile>
    <ClCompile Include="obj_dir\Vemu_emu__DepSet_h97221f7f__0.cpp">
      <Filter>Source Files</Filter>
    </ClCompile>
    <ClCompile Include="obj_dir\Vemu_emu__DepSet_h97221f7f__0__Slow.cpp">
      <Filter>Source Files</Filter>
    </ClCompile>
    <ClCompile Include="obj_dir\Vemu_emu__DepSet_hd7d7c3aa__0.cpp">
      <Filter>Source Files</Filter>
    </ClCompile>
    <ClCompile Include="obj_dir\Vemu_emu__DepSet_hd7d7c3aa__0__Slow.cpp">
      <Filter>Source Files</Filter>
    </ClCompile>
    <ClCompile Include="obj_dir\Vemu_emu__Slow.cpp">
      <Filter>Source Files</Filter>
    </ClCompile>
    <ClCompile Include="obj_dir\Vemu_hps_io__Cz1_V6__DepSet_hcd782af7__0__Slow.cpp">
      <Filter>Source Files</Filter>
    </ClCompile>
    <ClCompile Include="obj_dir\Vemu_hps_io__Cz1_V6__Slow.cpp">
      <Filter>Source Files</Filter>
    </ClCompile>
    <ClCompile Include="obj_dir\Vemu_keyboard__DepSet_h7a01e6cc__0__Slow.cpp">
      <Filter>Source Files</Filter>
    </ClCompile>
    <ClCompile Include="obj_dir\Vemu_keyboard__DepSet_hecfdb33c__0.cpp">
      <Filter>Source Files</Filter>
    </ClCompile>
    <ClCompile Include="obj_dir\Vemu_keyboard__DepSet_hecfdb33c__0__Slow.cpp">
      <Filter>Source Files</Filter>
    </ClCompile>
    <ClCompile Include="obj_dir\Vemu_keyboard__Slow.cpp">
      <Filter>Source Files</Filter>
    </ClCompile>
    <ClCompile Include="obj_dir\Vemu_mapper_out__DepSet_h190177b8__0.cpp">
      <Filter>Source Files</Filter>
    </ClCompile>
    <ClCompile Include="obj_dir\Vemu_mapper_out__DepSet_h190177b8__0__Slow.cpp">
      <Filter>Source Files</Filter>
    </ClCompile>
    <ClCompile Include="obj_dir\Vemu_mapper_out__Slow.cpp">
      <Filter>Source Files</Filter>
    </ClCompile>
    <ClCompile Include="obj_dir\Vemu_memory_bus__DepSet_h59ecdfcf__0.cpp">
      <Filter>Source Files</Filter>
    </ClCompile>
    <ClCompile Include="obj_dir\Vemu_memory_bus__DepSet_h59ecdfcf__0__Slow.cpp">
      <Filter>Source Files</Filter>
    </ClCompile>
    <ClCompile Include="obj_dir\Vemu_memory_bus__Slow.cpp">
      <Filter>Source Files</Filter>
    </ClCompile>
    <ClCompile Include="obj_dir\Vemu_MSX__DepSet_h8aa69a26__0.cpp">
      <Filter>Source Files</Filter>
    </ClCompile>
    <ClCompile Include="obj_dir\Vemu_MSX__DepSet_h8aa69a26__0__Slow.cpp">
      <Filter>Source Files</Filter>
    </ClCompile>
    <ClCompile Include="obj_dir\Vemu_MSX__Slow.cpp">
      <Filter>Source Files</Filter>
    </ClCompile>
    <ClCompile Include="obj_dir\Vemu_msx__Vphshbdv8cxcBjFwMc5BQMCzDpxvhkbJp1xvY0D2hpSFR__DepSet_h55edc9f1__0.cpp">
      <Filter>Source Files</Filter>
    </ClCompile>
    <ClCompile Include="obj_dir\Vemu_msx__Vphshbdv8cxcBjFwMc5BQMCzDpxvhkbJp1xvY0D2hpSFR__DepSet_h55edc9f1__0__Slow.cpp">
      <Filter>Source Files</Filter>
    </ClCompile>
    <ClCompile Include="obj_dir\Vemu_msx__Vphshbdv8cxcBjFwMc5BQMCzDpxvhkbJp1xvY0D2hpSFR__DepSet_hc8c990d7__0.cpp">
      <Filter>Source Files</Filter>
    </ClCompile>
    <ClCompile Include="obj_dir\Vemu_msx__Vphshbdv8cxcBjFwMc5BQMCzDpxvhkbJp1xvY0D2hpSFR__DepSet_hc8c990d7__0__Slow.cpp">
      <Filter>Source Files</Filter>
    </ClCompile>
    <ClCompile Include="obj_dir\Vemu_msx__Vphshbdv8cxcBjFwMc5BQMCzDpxvhkbJp1xvY0D2hpSFR__Slow.cpp">
      <Filter>Source Files</Filter>
    </ClCompile>
    <ClCompile Include="obj_dir\Vemu_nvram_backup__DepSet_h5c8e32ac__0.cpp">
      <Filter>Source Files</Filter>
    </ClCompile>
    <ClCompile Include="obj_dir\Vemu_nvram_backup__DepSet_h183b15f9__0.cpp">
      <Filter>Source Files</Filter>
    </ClCompile>
    <ClCompile Include="obj_dir\Vemu_nvram_backup__DepSet_h183b15f9__0__Slow.cpp">
      <Filter>Source Files</Filter>
    </ClCompile>
    <ClCompile Include="obj_dir\Vemu_nvram_backup__DepSet_h2540450f__0__Slow.cpp">
      <Filter>Source Files</Filter>
    </ClCompile>
    <ClCompile Include="obj_dir\Vemu_nvram_backup__Slow.cpp">
      <Filter>Source Files</Filter>
    </ClCompile>
    <ClCompile Include="obj_dir\Vemu_pll__DepSet_hc0a77e1e__0__Slow.cpp">
      <Filter>Source Files</Filter>
    </ClCompile>
    <ClCompile Include="obj_dir\Vemu_pll__Slow.cpp">
      <Filter>Source Files</Filter>
    </ClCompile>
    <ClCompile Include="obj_dir\Vemu_sd_bus_control__DepSet_he1e20d63__0.cpp">
      <Filter>Source Files</Filter>
    </ClCompile>
    <ClCompile Include="obj_dir\Vemu_sd_bus_control__DepSet_he1e20d63__0__Slow.cpp">
      <Filter>Source Files</Filter>
    </ClCompile>
    <ClCompile Include="obj_dir\Vemu_sd_bus_control__Slow.cpp">
      <Filter>Source Files</Filter>
    </ClCompile>
    <ClCompile Include="obj_dir\Vemu_sdram__DepSet_hb780563e__0__Slow.cpp">
      <Filter>Source Files</Filter>
    </ClCompile>
    <ClCompile Include="obj_dir\Vemu_sdram__Slow.cpp">
      <Filter>Source Files</Filter>
    </ClCompile>
    <ClCompile Include="obj_dir\Vemu_spram__A9_Mz2_MBz3__DepSet_h6ae187dc__0__Slow.cpp">
      <Filter>Source Files</Filter>
    </ClCompile>
    <ClCompile Include="obj_dir\Vemu_spram__A9_Mz2_MBz3__Slow.cpp">
      <Filter>Source Files</Filter>
    </ClCompile>
    <ClCompile Include="obj_dir\Vemu_spram__A10_M56524132__DepSet_h377701ec__0__Slow.cpp">
      <Filter>Source Files</Filter>
    </ClCompile>
    <ClCompile Include="obj_dir\Vemu_spram__A10_M56524132__Slow.cpp">
      <Filter>Source Files</Filter>
    </ClCompile>
    <ClCompile Include="obj_dir\Vemu_spram__A10_M56524133__DepSet_he586788a__0__Slow.cpp">
      <Filter>Source Files</Filter>
    </ClCompile>
    <ClCompile Include="obj_dir\Vemu_spram__A10_M56524133__Slow.cpp">
      <Filter>Source Files</Filter>
    </ClCompile>
    <ClCompile Include="obj_dir\Vemu_vdp_mux__DepSet_h65aa256a__0.cpp">
      <Filter>Source Files</Filter>
    </ClCompile>
    <ClCompile Include="obj_dir\Vemu_vdp_mux__DepSet_h65aa256a__0__Slow.cpp">
      <Filter>Source Files</Filter>
    </ClCompile>
    <ClCompile Include="obj_dir\Vemu_vdp_mux__DepSet_hd885f45e__0.cpp">
      <Filter>Source Files</Filter>
    </ClCompile>
    <ClCompile Include="obj_dir\Vemu_vdp_mux__DepSet_hd885f45e__0__Slow.cpp">
      <Filter>Source Files</Filter>
    </ClCompile>
    <ClCompile Include="obj_dir\Vemu_vdp_mux__Slow.cpp">
      <Filter>Source Files</Filter>
    </ClCompile>
    <ClCompile Include="obj_dir\Vemu_vdp18_col_pack__DepSet_h368a78f1__0__Slow.cpp">
      <Filter>Source Files</Filter>
    </ClCompile>
    <ClCompile Include="obj_dir\Vemu_vdp18_col_pack__Slow.cpp">
      <Filter>Source Files</Filter>
    </ClCompile>
  </ItemGroup>
  <ItemGroup>
    <ClInclude Include="sim\imgui\imconfig.h">
      <Filter>Header Files</Filter>
    </ClInclude>
    <ClInclude Include="sim\imgui\imgui_impl_dx11.h">
      <Filter>Header Files</Filter>
    </ClInclude>
    <ClInclude Include="sim\imgui\imgui_impl_win32.h">
      <Filter>Header Files</Filter>
    </ClInclude>
    <ClInclude Include="sim\imgui\imgui_internal.h">
      <Filter>Header Files</Filter>
    </ClInclude>
    <ClInclude Include="sim\imgui\imgui_memory_editor.h">
      <Filter>Header Files</Filter>
    </ClInclude>
    <ClInclude Include="sim\imgui\ImGuiFileDialog.h">
      <Filter>Header Files</Filter>
    </ClInclude>
    <ClInclude Include="sim\imgui\ImGuiFileDialogConfig.h">
      <Filter>Header Files</Filter>
    </ClInclude>
    <ClInclude Include="sim\imgui\implot.h">
      <Filter>Header Files</Filter>
    </ClInclude>
    <ClInclude Include="sim\vinc\verilated.h">
      <Filter>Header Files</Filter>
    </ClInclude>
    <ClInclude Include="sim\sim_bus.h">
      <Filter>Header Files</Filter>
    </ClInclude>
    <ClInclude Include="sim\sim_clock.h">
      <Filter>Header Files</Filter>
    </ClInclude>
    <ClInclude Include="sim\sim_console.h">
      <Filter>Header Files</Filter>
    </ClInclude>
    <ClInclude Include="sim\sim_input.h">
      <Filter>Header Files</Filter>
    </ClInclude>
    <ClInclude Include="sim\sim_video.h">
      <Filter>Header Files</Filter>
    </ClInclude>
    <ClInclude Include="sim\sim_audio.h">
      <Filter>Header Files</Filter>
    </ClInclude>
    <ClInclude Include="sim\vinc\verilated_threads.h">
      <Filter>Header Files</Filter>
    </ClInclude>
    <ClInclude Include="sim\vinc\verilated_heavy.h">
      <Filter>Header Files</Filter>
    </ClInclude>
    <ClInclude Include="sim\sim_ddr.h">
      <Filter>Header Files</Filter>
    </ClInclude>
    <ClInclude Include="sim\sim_memory.h">
      <Filter>Header Files</Filter>
    </ClInclude>
    <ClInclude Include="sim\sim_sdram.h">
      <Filter>Header Files</Filter>
    </ClInclude>
    <ClInclude Include="sim\sim_debug_player.h">
      <Filter>Header Files</Filter>
    </ClInclude>
    <ClInclude Include="obj_dir\Vemu.h">
      <Filter>Header Files</Filter>
    </ClInclude>
    <ClInclude Include="obj_dir\Vemu___024root.h">
      <Filter>Header Files</Filter>
    </ClInclude>
    <ClInclude Include="obj_dir\Vemu___024unit.h">
      <Filter>Header Files</Filter>
    </ClInclude>
    <ClInclude Include="obj_dir\Vemu__Dpi.h">
      <Filter>Header Files</Filter>
    </ClInclude>
    <ClInclude Include="obj_dir\Vemu__pch.h">
      <Filter>Header Files</Filter>
    </ClInclude>
    <ClInclude Include="obj_dir\Vemu__Syms.h">
      <Filter>Header Files</Filter>
    </ClInclude>
    <ClInclude Include="obj_dir\Vemu_clock_bus_if.h">
      <Filter>Header Files</Filter>
    </ClInclude>
    <ClInclude Include="obj_dir\Vemu_cpu_bus_if.h">
      <Filter>Header Files</Filter>
    </ClInclude>
    <ClInclude Include="obj_dir\Vemu_cpu_regs_if.h">
      <Filter>Header Files</Filter>
    </ClInclude>
    <ClInclude Include="obj_dir\Vemu_ddram.h">
      <Filter>Header Files</Filter>
    </ClInclude>
    <ClInclude Include="obj_dir\Vemu_device_bus.h">
      <Filter>Header Files</Filter>
    </ClInclude>
    <ClInclude Include="obj_dir\Vemu_dpram__A9.h">
      <Filter>Header Files</Filter>
    </ClInclude>
    <ClInclude Include="obj_dir\Vemu_emu.h">
      <Filter>Header Files</Filter>
    </ClInclude>
    <ClInclude Include="obj_dir\Vemu_hps_io__Cz1_V6.h">
      <Filter>Header Files</Filter>
    </ClInclude>
    <ClInclude Include="obj_dir\Vemu_keyboard.h">
      <Filter>Header Files</Filter>
    </ClInclude>
    <ClInclude Include="obj_dir\Vemu_mapper_out.h">
      <Filter>Header Files</Filter>
    </ClInclude>
    <ClInclude Include="obj_dir\Vemu_memory_bus.h">
      <Filter>Header Files</Filter>
    </ClInclude>
    <ClInclude Include="obj_dir\Vemu_MSX.h">
      <Filter>Header Files</Filter>
    </ClInclude>
    <ClInclude Include="obj_dir\Vemu_msx__Vphshbdv8cxcBjFwMc5BQMCzDpxvhkbJp1xvY0D2hpSFR.h">
      <Filter>Header Files</Filter>
    </ClInclude>
    <ClInclude Include="obj_dir\Vemu_nvram_backup.h">
      <Filter>Header Files</Filter>
    </ClInclude>
    <ClInclude Include="obj_dir\Vemu_pll.h">
      <Filter>Header Files</Filter>
    </ClInclude>
    <ClInclude Include="obj_dir\Vemu_sd_bus_control.h">
      <Filter>Header Files</Filter>
    </ClInclude>
    <ClInclude Include="obj_dir\Vemu_sdram.h">
      <Filter>Header Files</Filter>
    </ClInclude>
    <ClInclude Include="obj_dir\Vemu_spram__A9_Mz2_MBz3.h">
      <Filter>Header Files</Filter>
    </ClInclude>
    <ClInclude Include="obj_dir\Vemu_spram__A10_M56524132.h">
      <Filter>Header Files</Filter>
    </ClInclude>
    <ClInclude Include="obj_dir\Vemu_spram__A10_M56524133.h">
      <Filter>Header Files</Filter>
    </ClInclude>
    <ClInclude Include="obj_dir\Vemu_vdp_mux.h">
      <Filter>Header Files</Filter>
    </ClInclude>
    <ClInclude Include="obj_dir\Vemu_vdp18_col_pack.h">
      <Filter>Header Files</Filter>
    </ClInclude>
  </ItemGroup>
</Project>