<?xml version="1.0" encoding="utf-8"?>
<Project ToolsVersion="4.0" xmlns="http://schemas.microsoft.com/developer/msbuild/2003">
  <ItemGroup>
    <!-- Automaticky zahrnout všechny C++ soubory ve složce obj_dir -->
    <ClCompile Include="obj_dir\Vmsx1_*.cpp">
      <Filter>Source Files</Filter>
    </ClCompile>
    <!-- Automaticky zahrnout všechny hlavičkové soubory ve složce obj_dir -->
    <ClInclude Include="obj_dir\Vmsx1_*.h">
      <Filter>Header Files</Filter>
    </ClInclude>
  </ItemGroup>
</Project>
